
Microsoft Visual Studio Solution File, Format Version 12.00
# Visual Studio 14
VisualStudioVersion = 14.0.23107.0
MinimumVisualStudioVersion = 10.0.40219.1
Project("{FAE04EC0-301F-11D3-BF4B-00C04F79EFBC}") = "MvcCaching", "MvcCaching\MvcCaching.csproj", "{775E3AA5-9040-4D55-988D-D7D4313A238B}"
EndProject
Global
	GlobalSection(SolutionConfigurationPlatforms) = preSolution
		Debug|Any CPU = Debug|Any CPU
		Release|Any CPU = Release|Any CPU
	EndGlobalSection
	GlobalSection(ProjectConfigurationPlatforms) = postSolution
		{775E3AA5-9040-4D55-988D-D7D4313A238B}.Debug|Any CPU.ActiveCfg = Debug|Any CPU
		{775E3AA5-9040-4D55-988D-D7D4313A238B}.Debug|Any CPU.Build.0 = Debug|Any CPU
		{775E3AA5-9040-4D55-988D-D7D4313A238B}.Release|Any CPU.ActiveCfg = Release|Any CPU
		{775E3AA5-9040-4D55-988D-D7D4313A238B}.Release|Any CPU.Build.0 = Release|Any CPU
	EndGlobalSection
	GlobalSection(SolutionProperties) = preSolution
		HideSolutionNode = FALSE
	EndGlobalSection
EndGlobal
