
Microsoft Visual Studio Solution File, Format Version 12.00
# Visual Studio 14
VisualStudioVersion = 14.0.24720.0
MinimumVisualStudioVersion = 10.0.40219.1
Project("{2150E333-8FDC-42A3-9474-1A3956D46DE8}") = "Logger", "Logger", "{CABAF1B0-A91F-42AD-A60B-C2AA85E8276B}"
EndProject
Project("{FAE04EC0-301F-11D3-BF4B-00C04F79EFBC}") = "LoggerArchitecture", "LoggerArchitecture\LoggerArchitecture.csproj", "{E6B56C56-BD3B-4FC0-B766-8575B1791BA6}"
EndProject
Project("{FAE04EC0-301F-11D3-BF4B-00C04F79EFBC}") = "LoggerApplication", "LoggerApplication\LoggerApplication.csproj", "{F958397C-8EE9-47B7-8932-DA8E03242E98}"
EndProject
Global
	GlobalSection(SolutionConfigurationPlatforms) = preSolution
		Debug|Any CPU = Debug|Any CPU
		Release|Any CPU = Release|Any CPU
	EndGlobalSection
	GlobalSection(ProjectConfigurationPlatforms) = postSolution
		{E6B56C56-BD3B-4FC0-B766-8575B1791BA6}.Debug|Any CPU.ActiveCfg = Debug|Any CPU
		{E6B56C56-BD3B-4FC0-B766-8575B1791BA6}.Debug|Any CPU.Build.0 = Debug|Any CPU
		{E6B56C56-BD3B-4FC0-B766-8575B1791BA6}.Release|Any CPU.ActiveCfg = Release|Any CPU
		{E6B56C56-BD3B-4FC0-B766-8575B1791BA6}.Release|Any CPU.Build.0 = Release|Any CPU
		{F958397C-8EE9-47B7-8932-DA8E03242E98}.Debug|Any CPU.ActiveCfg = Debug|Any CPU
		{F958397C-8EE9-47B7-8932-DA8E03242E98}.Debug|Any CPU.Build.0 = Debug|Any CPU
		{F958397C-8EE9-47B7-8932-DA8E03242E98}.Release|Any CPU.ActiveCfg = Release|Any CPU
		{F958397C-8EE9-47B7-8932-DA8E03242E98}.Release|Any CPU.Build.0 = Release|Any CPU
	EndGlobalSection
	GlobalSection(SolutionProperties) = preSolution
		HideSolutionNode = FALSE
	EndGlobalSection
	GlobalSection(NestedProjects) = preSolution
		{E6B56C56-BD3B-4FC0-B766-8575B1791BA6} = {CABAF1B0-A91F-42AD-A60B-C2AA85E8276B}
		{F958397C-8EE9-47B7-8932-DA8E03242E98} = {CABAF1B0-A91F-42AD-A60B-C2AA85E8276B}
	EndGlobalSection
EndGlobal
