
Microsoft Visual Studio Solution File, Format Version 12.00
# Visual Studio 2013
VisualStudioVersion = 12.0.40629.0
MinimumVisualStudioVersion = 10.0.40219.1
Project("{FAE04EC0-301F-11D3-BF4B-00C04F79EFBC}") = "BookShop.Models", "BookShop.Models\BookShop.Models.csproj", "{05BD6CF9-A841-40FD-8E94-0E9DC4D6409D}"
EndProject
Project("{FAE04EC0-301F-11D3-BF4B-00C04F79EFBC}") = "BookShop.Data", "BookShop.Data\BookShop.Data.csproj", "{F964D842-6517-49DF-8194-7F154953232D}"
EndProject
Project("{FAE04EC0-301F-11D3-BF4B-00C04F79EFBC}") = "BookShop.Services", "BookShop.Services\BookShop.Services.csproj", "{21CC634E-585E-47D4-9AED-44649CFD67B1}"
EndProject
Global
	GlobalSection(SolutionConfigurationPlatforms) = preSolution
		Debug|Any CPU = Debug|Any CPU
		Release|Any CPU = Release|Any CPU
	EndGlobalSection
	GlobalSection(ProjectConfigurationPlatforms) = postSolution
		{05BD6CF9-A841-40FD-8E94-0E9DC4D6409D}.Debug|Any CPU.ActiveCfg = Debug|Any CPU
		{05BD6CF9-A841-40FD-8E94-0E9DC4D6409D}.Debug|Any CPU.Build.0 = Debug|Any CPU
		{05BD6CF9-A841-40FD-8E94-0E9DC4D6409D}.Release|Any CPU.ActiveCfg = Release|Any CPU
		{05BD6CF9-A841-40FD-8E94-0E9DC4D6409D}.Release|Any CPU.Build.0 = Release|Any CPU
		{F964D842-6517-49DF-8194-7F154953232D}.Debug|Any CPU.ActiveCfg = Debug|Any CPU
		{F964D842-6517-49DF-8194-7F154953232D}.Debug|Any CPU.Build.0 = Debug|Any CPU
		{F964D842-6517-49DF-8194-7F154953232D}.Release|Any CPU.ActiveCfg = Release|Any CPU
		{F964D842-6517-49DF-8194-7F154953232D}.Release|Any CPU.Build.0 = Release|Any CPU
		{21CC634E-585E-47D4-9AED-44649CFD67B1}.Debug|Any CPU.ActiveCfg = Debug|Any CPU
		{21CC634E-585E-47D4-9AED-44649CFD67B1}.Debug|Any CPU.Build.0 = Debug|Any CPU
		{21CC634E-585E-47D4-9AED-44649CFD67B1}.Release|Any CPU.ActiveCfg = Release|Any CPU
		{21CC634E-585E-47D4-9AED-44649CFD67B1}.Release|Any CPU.Build.0 = Release|Any CPU
	EndGlobalSection
	GlobalSection(SolutionProperties) = preSolution
		HideSolutionNode = FALSE
	EndGlobalSection
EndGlobal
