
Microsoft Visual Studio Solution File, Format Version 12.00
# Visual Studio 14
VisualStudioVersion = 14.0.23107.0
MinimumVisualStudioVersion = 10.0.40219.1
Project("{2150E333-8FDC-42A3-9474-1A3956D46DE8}") = "01.ValuesAndReferenceTypes", "01.ValuesAndReferenceTypes", "{CC2E36A3-43DE-43D6-A989-4CA638F1D4BC}"
	ProjectSection(SolutionItems) = preProject
		01.ValuesAndReferenceTypes.txt = 01.ValuesAndReferenceTypes.txt
	EndProjectSection
EndProject
Project("{FAE04EC0-301F-11D3-BF4B-00C04F79EFBC}") = "02.Customer", "02.Customer\02.Customer.csproj", "{4D73DF9F-8F42-4980-B879-379105429876}"
EndProject
Project("{FAE04EC0-301F-11D3-BF4B-00C04F79EFBC}") = "03.StringDisperser", "03.StringDisperser\03.StringDisperser.csproj", "{634CA014-DF77-4BC1-A532-376CC770DADA}"
EndProject
Global
	GlobalSection(SolutionConfigurationPlatforms) = preSolution
		Debug|Any CPU = Debug|Any CPU
		Release|Any CPU = Release|Any CPU
	EndGlobalSection
	GlobalSection(ProjectConfigurationPlatforms) = postSolution
		{4D73DF9F-8F42-4980-B879-379105429876}.Debug|Any CPU.ActiveCfg = Debug|Any CPU
		{4D73DF9F-8F42-4980-B879-379105429876}.Debug|Any CPU.Build.0 = Debug|Any CPU
		{4D73DF9F-8F42-4980-B879-379105429876}.Release|Any CPU.ActiveCfg = Release|Any CPU
		{4D73DF9F-8F42-4980-B879-379105429876}.Release|Any CPU.Build.0 = Release|Any CPU
		{634CA014-DF77-4BC1-A532-376CC770DADA}.Debug|Any CPU.ActiveCfg = Debug|Any CPU
		{634CA014-DF77-4BC1-A532-376CC770DADA}.Debug|Any CPU.Build.0 = Debug|Any CPU
		{634CA014-DF77-4BC1-A532-376CC770DADA}.Release|Any CPU.ActiveCfg = Release|Any CPU
		{634CA014-DF77-4BC1-A532-376CC770DADA}.Release|Any CPU.Build.0 = Release|Any CPU
	EndGlobalSection
	GlobalSection(SolutionProperties) = preSolution
		HideSolutionNode = FALSE
	EndGlobalSection
EndGlobal
